{
  "version": 4,
  "terraform_version": "1.12.2",
  "serial": 34,
  "lineage": "97408b47-974f-cffa-9c7c-91fc87d69f37",
  "outputs": {
    "current_module_path": {
      "value": "/home/vladis/terraform-docker-pipeline",
      "type": "string"
    },
    "generator_dockerfile_path": {
      "value": "/home/vladis/terraform-docker-pipeline/generator/Dockerfile",
      "type": "string"
    }
  },
  "resources": [
    {
      "mode": "managed",
      "type": "docker_network",
      "name": "app_net",
      "provider": "provider[\"registry.terraform.io/kreuzwerker/docker\"]",
      "instances": [
        {
          "schema_version": 1,
          "attributes": {
            "attachable": false,
            "check_duplicate": null,
            "driver": "bridge",
            "id": "2a67de3755645ea0b1b2dedd76eb413278b1466fa58589ad6c349262399e400a",
            "ingress": false,
            "internal": false,
            "ipam_config": [
              {
                "aux_address": {},
                "gateway": "172.18.0.1",
                "ip_range": "",
                "subnet": "172.18.0.0/16"
              }
            ],
            "ipam_driver": "default",
            "ipam_options": {},
            "ipv6": false,
            "labels": [],
            "name": "app_network",
            "options": {
              "com.docker.network.enable_ipv4": "true"
            },
            "scope": "local"
          },
          "sensitive_attributes": [],
          "identity_schema_version": 0,
          "private": "eyJzY2hlbWFfdmVyc2lvbiI6IjEifQ=="
        }
      ]
    }
  ],
  "check_results": null
}
